
Microsoft Visual Studio Solution File, Format Version 12.00
# Visual Studio 15
VisualStudioVersion = 15.0.27428.2002
MinimumVisualStudioVersion = 10.0.40219.1
Project("{FAE04EC0-301F-11D3-BF4B-00C04F79EFBC}") = "057_ArrayBasic", "057_ArrayBasic\057_ArrayBasic.csproj", "{0C453B67-FB55-484A-A8AE-A1D1109F2997}"
EndProject
Project("{FAE04EC0-301F-11D3-BF4B-00C04F79EFBC}") = "060_Random", "060_Random\060_Random.csproj", "{C3BB2A37-1AA9-4DD5-9E34-1A5A4C0C039D}"
EndProject
Project("{FAE04EC0-301F-11D3-BF4B-00C04F79EFBC}") = "063_BinarySearch", "063_BinarySearch\063_BinarySearch.csproj", "{9E18A71B-A9E4-413B-AA6E-2970030EDF7C}"
EndProject
Project("{FAE04EC0-301F-11D3-BF4B-00C04F79EFBC}") = "065_ClassAndStruct", "065_ClassAndStruct\065_ClassAndStruct.csproj", "{3DE28CA2-CA99-4D2E-8E56-6AC3A4DECC47}"
EndProject
Project("{FAE04EC0-301F-11D3-BF4B-00C04F79EFBC}") = "067_InstanceMethod", "067_InstanceMethod\067_InstanceMethod.csproj", "{E78E8EAE-805C-4452-B614-D783D4C30D24}"
EndProject
Project("{FAE04EC0-301F-11D3-BF4B-00C04F79EFBC}") = "069_Property", "069_Property\069_Property.csproj", "{C0861906-31CC-4400-850A-539BA12DCA50}"
EndProject
Project("{FAE04EC0-301F-11D3-BF4B-00C04F79EFBC}") = "073_AgeCalculator", "073_AgeCalculator\073_AgeCalculator.csproj", "{E76F7B2D-0AF7-4A3A-88A0-6110DF80C1F1}"
EndProject
Project("{FAE04EC0-301F-11D3-BF4B-00C04F79EFBC}") = "074_Factorial", "074_Factorial\074_Factorial.csproj", "{BF29A1C0-C19D-4B96-979B-BE945CE05332}"
EndProject
Project("{FAE04EC0-301F-11D3-BF4B-00C04F79EFBC}") = "079_Recursive", "079_Recursive\079_Recursive.csproj", "{063D206A-8B50-44AC-B7C9-DD7E89D675E5}"
EndProject
Project("{FAE04EC0-301F-11D3-BF4B-00C04F79EFBC}") = "084_ExecutionTime", "084_ExecutionTime\084_ExecutionTime.csproj", "{37703847-6C15-4EF2-A222-9E3628939736}"
EndProject
Project("{FAE04EC0-301F-11D3-BF4B-00C04F79EFBC}") = "085_DateTimestruct", "085_DateTimestruct\085_DateTimestruct.csproj", "{C694C36A-EC75-4328-ADA6-F5DE08CD1978}"
EndProject
Project("{FAE04EC0-301F-11D3-BF4B-00C04F79EFBC}") = "086_TimeSpanStruct", "086_TimeSpanStruct\086_TimeSpanStruct.csproj", "{81BA4271-AF82-42B2-AC71-7BDA160117AB}"
EndProject
Project("{FAE04EC0-301F-11D3-BF4B-00C04F79EFBC}") = "089_MethodArguments", "089_MethodArguments\089_MethodArguments.csproj", "{39CD7353-CB56-435B-AC38-625C2568E055}"
EndProject
Global
	GlobalSection(SolutionConfigurationPlatforms) = preSolution
		Debug|Any CPU = Debug|Any CPU
		Release|Any CPU = Release|Any CPU
	EndGlobalSection
	GlobalSection(ProjectConfigurationPlatforms) = postSolution
		{0C453B67-FB55-484A-A8AE-A1D1109F2997}.Debug|Any CPU.ActiveCfg = Debug|Any CPU
		{0C453B67-FB55-484A-A8AE-A1D1109F2997}.Debug|Any CPU.Build.0 = Debug|Any CPU
		{0C453B67-FB55-484A-A8AE-A1D1109F2997}.Release|Any CPU.ActiveCfg = Release|Any CPU
		{0C453B67-FB55-484A-A8AE-A1D1109F2997}.Release|Any CPU.Build.0 = Release|Any CPU
		{C3BB2A37-1AA9-4DD5-9E34-1A5A4C0C039D}.Debug|Any CPU.ActiveCfg = Debug|Any CPU
		{C3BB2A37-1AA9-4DD5-9E34-1A5A4C0C039D}.Debug|Any CPU.Build.0 = Debug|Any CPU
		{C3BB2A37-1AA9-4DD5-9E34-1A5A4C0C039D}.Release|Any CPU.ActiveCfg = Release|Any CPU
		{C3BB2A37-1AA9-4DD5-9E34-1A5A4C0C039D}.Release|Any CPU.Build.0 = Release|Any CPU
		{9E18A71B-A9E4-413B-AA6E-2970030EDF7C}.Debug|Any CPU.ActiveCfg = Debug|Any CPU
		{9E18A71B-A9E4-413B-AA6E-2970030EDF7C}.Debug|Any CPU.Build.0 = Debug|Any CPU
		{9E18A71B-A9E4-413B-AA6E-2970030EDF7C}.Release|Any CPU.ActiveCfg = Release|Any CPU
		{9E18A71B-A9E4-413B-AA6E-2970030EDF7C}.Release|Any CPU.Build.0 = Release|Any CPU
		{3DE28CA2-CA99-4D2E-8E56-6AC3A4DECC47}.Debug|Any CPU.ActiveCfg = Debug|Any CPU
		{3DE28CA2-CA99-4D2E-8E56-6AC3A4DECC47}.Debug|Any CPU.Build.0 = Debug|Any CPU
		{3DE28CA2-CA99-4D2E-8E56-6AC3A4DECC47}.Release|Any CPU.ActiveCfg = Release|Any CPU
		{3DE28CA2-CA99-4D2E-8E56-6AC3A4DECC47}.Release|Any CPU.Build.0 = Release|Any CPU
		{E78E8EAE-805C-4452-B614-D783D4C30D24}.Debug|Any CPU.ActiveCfg = Debug|Any CPU
		{E78E8EAE-805C-4452-B614-D783D4C30D24}.Debug|Any CPU.Build.0 = Debug|Any CPU
		{E78E8EAE-805C-4452-B614-D783D4C30D24}.Release|Any CPU.ActiveCfg = Release|Any CPU
		{E78E8EAE-805C-4452-B614-D783D4C30D24}.Release|Any CPU.Build.0 = Release|Any CPU
		{C0861906-31CC-4400-850A-539BA12DCA50}.Debug|Any CPU.ActiveCfg = Debug|Any CPU
		{C0861906-31CC-4400-850A-539BA12DCA50}.Debug|Any CPU.Build.0 = Debug|Any CPU
		{C0861906-31CC-4400-850A-539BA12DCA50}.Release|Any CPU.ActiveCfg = Release|Any CPU
		{C0861906-31CC-4400-850A-539BA12DCA50}.Release|Any CPU.Build.0 = Release|Any CPU
		{E76F7B2D-0AF7-4A3A-88A0-6110DF80C1F1}.Debug|Any CPU.ActiveCfg = Debug|Any CPU
		{E76F7B2D-0AF7-4A3A-88A0-6110DF80C1F1}.Debug|Any CPU.Build.0 = Debug|Any CPU
		{E76F7B2D-0AF7-4A3A-88A0-6110DF80C1F1}.Release|Any CPU.ActiveCfg = Release|Any CPU
		{E76F7B2D-0AF7-4A3A-88A0-6110DF80C1F1}.Release|Any CPU.Build.0 = Release|Any CPU
		{BF29A1C0-C19D-4B96-979B-BE945CE05332}.Debug|Any CPU.ActiveCfg = Debug|Any CPU
		{BF29A1C0-C19D-4B96-979B-BE945CE05332}.Debug|Any CPU.Build.0 = Debug|Any CPU
		{BF29A1C0-C19D-4B96-979B-BE945CE05332}.Release|Any CPU.ActiveCfg = Release|Any CPU
		{BF29A1C0-C19D-4B96-979B-BE945CE05332}.Release|Any CPU.Build.0 = Release|Any CPU
		{063D206A-8B50-44AC-B7C9-DD7E89D675E5}.Debug|Any CPU.ActiveCfg = Debug|Any CPU
		{063D206A-8B50-44AC-B7C9-DD7E89D675E5}.Debug|Any CPU.Build.0 = Debug|Any CPU
		{063D206A-8B50-44AC-B7C9-DD7E89D675E5}.Release|Any CPU.ActiveCfg = Release|Any CPU
		{063D206A-8B50-44AC-B7C9-DD7E89D675E5}.Release|Any CPU.Build.0 = Release|Any CPU
		{37703847-6C15-4EF2-A222-9E3628939736}.Debug|Any CPU.ActiveCfg = Debug|Any CPU
		{37703847-6C15-4EF2-A222-9E3628939736}.Debug|Any CPU.Build.0 = Debug|Any CPU
		{37703847-6C15-4EF2-A222-9E3628939736}.Release|Any CPU.ActiveCfg = Release|Any CPU
		{37703847-6C15-4EF2-A222-9E3628939736}.Release|Any CPU.Build.0 = Release|Any CPU
		{C694C36A-EC75-4328-ADA6-F5DE08CD1978}.Debug|Any CPU.ActiveCfg = Debug|Any CPU
		{C694C36A-EC75-4328-ADA6-F5DE08CD1978}.Debug|Any CPU.Build.0 = Debug|Any CPU
		{C694C36A-EC75-4328-ADA6-F5DE08CD1978}.Release|Any CPU.ActiveCfg = Release|Any CPU
		{C694C36A-EC75-4328-ADA6-F5DE08CD1978}.Release|Any CPU.Build.0 = Release|Any CPU
		{81BA4271-AF82-42B2-AC71-7BDA160117AB}.Debug|Any CPU.ActiveCfg = Debug|Any CPU
		{81BA4271-AF82-42B2-AC71-7BDA160117AB}.Debug|Any CPU.Build.0 = Debug|Any CPU
		{81BA4271-AF82-42B2-AC71-7BDA160117AB}.Release|Any CPU.ActiveCfg = Release|Any CPU
		{81BA4271-AF82-42B2-AC71-7BDA160117AB}.Release|Any CPU.Build.0 = Release|Any CPU
		{39CD7353-CB56-435B-AC38-625C2568E055}.Debug|Any CPU.ActiveCfg = Debug|Any CPU
		{39CD7353-CB56-435B-AC38-625C2568E055}.Debug|Any CPU.Build.0 = Debug|Any CPU
		{39CD7353-CB56-435B-AC38-625C2568E055}.Release|Any CPU.ActiveCfg = Release|Any CPU
		{39CD7353-CB56-435B-AC38-625C2568E055}.Release|Any CPU.Build.0 = Release|Any CPU
	EndGlobalSection
	GlobalSection(SolutionProperties) = preSolution
		HideSolutionNode = FALSE
	EndGlobalSection
	GlobalSection(ExtensibilityGlobals) = postSolution
		SolutionGuid = {469CF57A-6F4D-4A0B-BE2E-E1F53BA58648}
	EndGlobalSection
EndGlobal
