
Microsoft Visual Studio Solution File, Format Version 12.00
# Visual Studio 15
VisualStudioVersion = 15.0.27428.2002
MinimumVisualStudioVersion = 10.0.40219.1
Project("{FAE04EC0-301F-11D3-BF4B-00C04F79EFBC}") = "004_Variable", "004_Type\004_Variable.csproj", "{D77F656F-4EBD-4722-A6F5-8AFB7670B35E}"
EndProject
Project("{FAE04EC0-301F-11D3-BF4B-00C04F79EFBC}") = "005_string", "005_string\005_string.csproj", "{F09C1D87-F5AF-4DCF-BB0E-AFB884C0EBF3}"
EndProject
Project("{FAE04EC0-301F-11D3-BF4B-00C04F79EFBC}") = "009_ConsoleFormat", "009_ConsoleFormat\009_ConsoleFormat.csproj", "{E88CDD1B-371D-4157-BD9C-381A17B01A2A}"
EndProject
Project("{FAE04EC0-301F-11D3-BF4B-00C04F79EFBC}") = "014_StringToNum", "014_StringToNum\014_StringToNum.csproj", "{4A2AD26B-3B9F-40C9-9B92-43619F11571F}"
EndProject
Project("{FAE04EC0-301F-11D3-BF4B-00C04F79EFBC}") = "018_TryCatch", "018_TryCatch\018_TryCatch.csproj", "{C18CBEF4-29FE-4809-8727-27F7F3443F63}"
EndProject
Project("{FAE04EC0-301F-11D3-BF4B-00C04F79EFBC}") = "025_StringMethods", "StringMethods\025_StringMethods.csproj", "{D4CC3941-04C5-4CA4-8E94-3359A38E1373}"
EndProject
Project("{FAE04EC0-301F-11D3-BF4B-00C04F79EFBC}") = "027_StrConcat", "027_StrConcat\027_StrConcat.csproj", "{B6098A42-800B-4B9D-87C8-4F979E5C65B7}"
EndProject
Global
	GlobalSection(SolutionConfigurationPlatforms) = preSolution
		Debug|Any CPU = Debug|Any CPU
		Release|Any CPU = Release|Any CPU
	EndGlobalSection
	GlobalSection(ProjectConfigurationPlatforms) = postSolution
		{D77F656F-4EBD-4722-A6F5-8AFB7670B35E}.Debug|Any CPU.ActiveCfg = Debug|Any CPU
		{D77F656F-4EBD-4722-A6F5-8AFB7670B35E}.Debug|Any CPU.Build.0 = Debug|Any CPU
		{D77F656F-4EBD-4722-A6F5-8AFB7670B35E}.Release|Any CPU.ActiveCfg = Release|Any CPU
		{D77F656F-4EBD-4722-A6F5-8AFB7670B35E}.Release|Any CPU.Build.0 = Release|Any CPU
		{F09C1D87-F5AF-4DCF-BB0E-AFB884C0EBF3}.Debug|Any CPU.ActiveCfg = Debug|Any CPU
		{F09C1D87-F5AF-4DCF-BB0E-AFB884C0EBF3}.Debug|Any CPU.Build.0 = Debug|Any CPU
		{F09C1D87-F5AF-4DCF-BB0E-AFB884C0EBF3}.Release|Any CPU.ActiveCfg = Release|Any CPU
		{F09C1D87-F5AF-4DCF-BB0E-AFB884C0EBF3}.Release|Any CPU.Build.0 = Release|Any CPU
		{E88CDD1B-371D-4157-BD9C-381A17B01A2A}.Debug|Any CPU.ActiveCfg = Debug|Any CPU
		{E88CDD1B-371D-4157-BD9C-381A17B01A2A}.Debug|Any CPU.Build.0 = Debug|Any CPU
		{E88CDD1B-371D-4157-BD9C-381A17B01A2A}.Release|Any CPU.ActiveCfg = Release|Any CPU
		{E88CDD1B-371D-4157-BD9C-381A17B01A2A}.Release|Any CPU.Build.0 = Release|Any CPU
		{4A2AD26B-3B9F-40C9-9B92-43619F11571F}.Debug|Any CPU.ActiveCfg = Debug|Any CPU
		{4A2AD26B-3B9F-40C9-9B92-43619F11571F}.Debug|Any CPU.Build.0 = Debug|Any CPU
		{4A2AD26B-3B9F-40C9-9B92-43619F11571F}.Release|Any CPU.ActiveCfg = Release|Any CPU
		{4A2AD26B-3B9F-40C9-9B92-43619F11571F}.Release|Any CPU.Build.0 = Release|Any CPU
		{C18CBEF4-29FE-4809-8727-27F7F3443F63}.Debug|Any CPU.ActiveCfg = Debug|Any CPU
		{C18CBEF4-29FE-4809-8727-27F7F3443F63}.Debug|Any CPU.Build.0 = Debug|Any CPU
		{C18CBEF4-29FE-4809-8727-27F7F3443F63}.Release|Any CPU.ActiveCfg = Release|Any CPU
		{C18CBEF4-29FE-4809-8727-27F7F3443F63}.Release|Any CPU.Build.0 = Release|Any CPU
		{D4CC3941-04C5-4CA4-8E94-3359A38E1373}.Debug|Any CPU.ActiveCfg = Debug|Any CPU
		{D4CC3941-04C5-4CA4-8E94-3359A38E1373}.Debug|Any CPU.Build.0 = Debug|Any CPU
		{D4CC3941-04C5-4CA4-8E94-3359A38E1373}.Release|Any CPU.ActiveCfg = Release|Any CPU
		{D4CC3941-04C5-4CA4-8E94-3359A38E1373}.Release|Any CPU.Build.0 = Release|Any CPU
		{B6098A42-800B-4B9D-87C8-4F979E5C65B7}.Debug|Any CPU.ActiveCfg = Debug|Any CPU
		{B6098A42-800B-4B9D-87C8-4F979E5C65B7}.Debug|Any CPU.Build.0 = Debug|Any CPU
		{B6098A42-800B-4B9D-87C8-4F979E5C65B7}.Release|Any CPU.ActiveCfg = Release|Any CPU
		{B6098A42-800B-4B9D-87C8-4F979E5C65B7}.Release|Any CPU.Build.0 = Release|Any CPU
	EndGlobalSection
	GlobalSection(SolutionProperties) = preSolution
		HideSolutionNode = FALSE
	EndGlobalSection
	GlobalSection(ExtensibilityGlobals) = postSolution
		SolutionGuid = {0EFF8D7C-074F-43F3-82D5-C78A6855CB7D}
	EndGlobalSection
EndGlobal
