
Microsoft Visual Studio Solution File, Format Version 12.00
# Visual Studio 15
VisualStudioVersion = 15.0.27428.2002
MinimumVisualStudioVersion = 10.0.40219.1
Project("{FAE04EC0-301F-11D3-BF4B-00C04F79EFBC}") = "093_GenericMethod", "093_GenericMethod\093_GenericMethod.csproj", "{D62B91D9-51FC-4640-A9F6-2416122769A8}"
EndProject
Global
	GlobalSection(SolutionConfigurationPlatforms) = preSolution
		Debug|Any CPU = Debug|Any CPU
		Release|Any CPU = Release|Any CPU
	EndGlobalSection
	GlobalSection(ProjectConfigurationPlatforms) = postSolution
		{D62B91D9-51FC-4640-A9F6-2416122769A8}.Debug|Any CPU.ActiveCfg = Debug|Any CPU
		{D62B91D9-51FC-4640-A9F6-2416122769A8}.Debug|Any CPU.Build.0 = Debug|Any CPU
		{D62B91D9-51FC-4640-A9F6-2416122769A8}.Release|Any CPU.ActiveCfg = Release|Any CPU
		{D62B91D9-51FC-4640-A9F6-2416122769A8}.Release|Any CPU.Build.0 = Release|Any CPU
	EndGlobalSection
	GlobalSection(SolutionProperties) = preSolution
		HideSolutionNode = FALSE
	EndGlobalSection
	GlobalSection(ExtensibilityGlobals) = postSolution
		SolutionGuid = {9A46D216-86BA-4EA0-82BD-2C904B3B3F3F}
	EndGlobalSection
EndGlobal
